// !$*UTF8*$!
{
	archiveVersion = 1;
	classes = {
	};
	objectVersion = 46;
	objects = {

/* Begin PBXBuildFile section */
		352A40181D23A81400227C36 /* AppDelegate.swift in Sources */ = {isa = PBXBuildFile; fileRef = 352A40171D23A81400227C36 /* AppDelegate.swift */; };
		352A401A1D23A81400227C36 /* ViewController.swift in Sources */ = {isa = PBXBuildFile; fileRef = 352A40191D23A81400227C36 /* ViewController.swift */; };
		352A401D1D23A81400227C36 /* Main.storyboard in Resources */ = {isa = PBXBuildFile; fileRef = 352A401B1D23A81400227C36 /* Main.storyboard */; };
		352A401F1D23A81500227C36 /* Assets.xcassets in Resources */ = {isa = PBXBuildFile; fileRef = 352A401E1D23A81500227C36 /* Assets.xcassets */; };
		352A40221D23A81500227C36 /* LaunchScreen.storyboard in Resources */ = {isa = PBXBuildFile; fileRef = 352A40201D23A81500227C36 /* LaunchScreen.storyboard */; };
		352A402B1D24521500227C36 /* CalculatorBrain.swift in Sources */ = {isa = PBXBuildFile; fileRef = 352A402A1D24521500227C36 /* CalculatorBrain.swift */; };
/* End PBXBuildFile section */

/* Begin PBXFileReference section */
		352A40141D23A81400227C36 /* Calculator.app */ = {isa = PBXFileReference; explicitFileType = wrapper.application; includeInIndex = 0; path = Calculator.app; sourceTree = BUILT_PRODUCTS_DIR; };
		352A40171D23A81400227C36 /* AppDelegate.swift */ = {isa = PBXFileReference; lastKnownFileType = sourcecode.swift; path = AppDelegate.swift; sourceTree = "<group>"; };
		352A40191D23A81400227C36 /* ViewController.swift */ = {isa = PBXFileReference; lastKnownFileType = sourcecode.swift; path = ViewController.swift; sourceTree = "<group>"; };
		352A401C1D23A81400227C36 /* Base */ = {isa = PBXFileReference; lastKnownFileType = file.storyboard; name = Base; path = Base.lproj/Main.storyboard; sourceTree = "<group>"; };
		352A401E1D23A81500227C36 /* Assets.xcassets */ = {isa = PBXFileReference; lastKnownFileType = folder.assetcatalog; path = Assets.xcassets; sourceTree = "<group>"; };
		352A40211D23A81500227C36 /* Base */ = {isa = PBXFileReference; lastKnownFileType = file.storyboard; name = Base; path = Base.lproj/LaunchScreen.storyboard; sourceTree = "<group>"; };
		352A40231D23A81500227C36 /* Info.plist */ = {isa = PBXFileReference; lastKnownFileType = text.plist.xml; path = Info.plist; sourceTree = "<group>"; };
		352A402A1D24521500227C36 /* CalculatorBrain.swift */ = {isa = PBXFileReference; fileEncoding = 4; lastKnownFileType = sourcecode.swift; name = CalculatorBrain.swift; path = Calculator/CalculatorBrain.swift; sourceTree = "<group>"; };
/* End PBXFileReference section */

/* Begin PBXFrameworksBuildPhase section */
		352A40111D23A81400227C36 /* Frameworks */ = {
			isa = PBXFrameworksBuildPhase;
			buildActionMask = 2147483647;
			files = (
			);
			runOnlyForDeploymentPostprocessing = 0;
		};
/* End PBXFrameworksBuildPhase section */

/* Begin PBXGroup section */
		352A400B1D23A81400227C36 = {
			isa = PBXGroup;
			children = (
				352A402A1D24521500227C36 /* CalculatorBrain.swift */,
				352A40161D23A81400227C36 /* Calculator */,
				352A40151D23A81400227C36 /* Products */,
			);
			sourceTree = "<group>";
		};
		352A40151D23A81400227C36 /* Products */ = {
			isa = PBXGroup;
			children = (
				352A40141D23A81400227C36 /* Calculator.app */,
			);
			name = Products;
			sourceTree = "<group>";
		};
		352A40161D23A81400227C36 /* Calculator */ = {
			isa = PBXGroup;
			children = (
				352A40291D23ADFE00227C36 /* Supporting Files */,
				352A40191D23A81400227C36 /* ViewController.swift */,
				352A401B1D23A81400227C36 /* Main.storyboard */,
			);
			path = Calculator;
			sourceTree = "<group>";
		};
		352A40291D23ADFE00227C36 /* Supporting Files */ = {
			isa = PBXGroup;
			children = (
				352A40171D23A81400227C36 /* AppDelegate.swift */,
				352A401E1D23A81500227C36 /* Assets.xcassets */,
				352A40201D23A81500227C36 /* LaunchScreen.storyboard */,
				352A40231D23A81500227C36 /* Info.plist */,
			);
			name = "Supporting Files";
			sourceTree = "<group>";
		};
/* End PBXGroup section */

/* Begin PBXNativeTarget section */
		352A40131D23A81400227C36 /* Calculator */ = {
			isa = PBXNativeTarget;
			buildConfigurationList = 352A40261D23A81500227C36 /* Build configuration list for PBXNativeTarget "Calculator" */;
			buildPhases = (
				352A40101D23A81400227C36 /* Sources */,
				352A40111D23A81400227C36 /* Frameworks */,
				352A40121D23A81400227C36 /* Resources */,
			);
			buildRules = (
			);
			dependencies = (
			);
			name = Calculator;
			productName = Calculator;
			productReference = 352A40141D23A81400227C36 /* Calculator.app */;
			productType = "com.apple.product-type.application";
		};
/* End PBXNativeTarget section */

/* Begin PBXProject section */
		352A400C1D23A81400227C36 /* Project object */ = {
			isa = PBXProject;
			attributes = {
				LastSwiftUpdateCheck = 0730;
				LastUpgradeCheck = 0730;
				ORGANIZATIONNAME = "Shrey Banga";
				TargetAttributes = {
					352A40131D23A81400227C36 = {
						CreatedOnToolsVersion = 7.3.1;
						DevelopmentTeam = TTJT7866CB;
					};
				};
			};
			buildConfigurationList = 352A400F1D23A81400227C36 /* Build configuration list for PBXProject "Calculator" */;
			compatibilityVersion = "Xcode 3.2";
			developmentRegion = English;
			hasScannedForEncodings = 0;
			knownRegions = (
				en,
				Base,
			);
			mainGroup = 352A400B1D23A81400227C36;
			productRefGroup = 352A40151D23A81400227C36 /* Products */;
			projectDirPath = "";
			projectRoot = "";
			targets = (
				352A40131D23A81400227C36 /* Calculator */,
			);
		};
/* End PBXProject section */

/* Begin PBXResourcesBuildPhase section */
		352A40121D23A81400227C36 /* Resources */ = {
			isa = PBXResourcesBuildPhase;
			buildActionMask = 2147483647;
			files = (
				352A40221D23A81500227C36 /* LaunchScreen.storyboard in Resources */,
				352A401F1D23A81500227C36 /* Assets.xcassets in Resources */,
				352A401D1D23A81400227C36 /* Main.storyboard in Resources */,
			);
			runOnlyForDeploymentPostprocessing = 0;
		};
/* End PBXResourcesBuildPhase section */

/* Begin PBXSourcesBuildPhase section */
		352A40101D23A81400227C36 /* Sources */ = {
			isa = PBXSourcesBuildPhase;
			buildActionMask = 2147483647;
			files = (
				352A402B1D24521500227C36 /* CalculatorBrain.swift in Sources */,
				352A401A1D23A81400227C36 /* ViewController.swift in Sources */,
				352A40181D23A81400227C36 /* AppDelegate.swift in Sources */,
			);
			runOnlyForDeploymentPostprocessing = 0;
		};
/* End PBXSourcesBuildPhase section */

/* Begin PBXVariantGroup section */
		352A401B1D23A81400227C36 /* Main.storyboard */ = {
			isa = PBXVariantGroup;
			children = (
				352A401C1D23A81400227C36 /* Base */,
			);
			name = Main.storyboard;
			sourceTree = "<group>";
		};
		352A40201D23A81500227C36 /* LaunchScreen.storyboard */ = {
			isa = PBXVariantGroup;
			children = (
				352A40211D23A81500227C36 /* Base */,
			);
			name = LaunchScreen.storyboard;
			sourceTree = "<group>";
		};
/* End PBXVariantGroup section */

/* Begin XCBuildConfiguration section */
		352A40241D23A81500227C36 /* Debug */ = {
			isa = XCBuildConfiguration;
			buildSettings = {
				ALWAYS_SEARCH_USER_PATHS = NO;
				CLANG_ANALYZER_NONNULL = YES;
				CLANG_CXX_LANGUAGE_STANDARD = "gnu++0x";
				CLANG_CXX_LIBRARY = "libc++";
				CLANG_ENABLE_MODULES = YES;
				CLANG_ENABLE_OBJC_ARC = YES;
				CLANG_WARN_BOOL_CONVERSION = YES;
				CLANG_WARN_CONSTANT_CONVERSION = YES;
				CLANG_WARN_DIRECT_OBJC_ISA_USAGE = YES_ERROR;
				CLANG_WARN_EMPTY_BODY = YES;
				CLANG_WARN_ENUM_CONVERSION = YES;
				CLANG_WARN_INT_CONVERSION = YES;
				CLANG_WARN_OBJC_ROOT_CLASS = YES_ERROR;
				CLANG_WARN_UNREACHABLE_CODE = YES;
				CLANG_WARN__DUPLICATE_METHOD_MATCH = YES;
				"CODE_SIGN_IDENTITY[sdk=iphoneos*]" = "iPhone Developer";
				COPY_PHASE_STRIP = NO;
				DEBUG_INFORMATION_FORMAT = dwarf;
				ENABLE_STRICT_OBJC_MSGSEND = YES;
				ENABLE_TESTABILITY = YES;
				GCC_C_LANGUAGE_STANDARD = gnu99;
				GCC_DYNAMIC_NO_PIC = NO;
				GCC_NO_COMMON_BLOCKS = YES;
				GCC_OPTIMIZATION_LEVEL = 0;
				GCC_PREPROCESSOR_DEFINITIONS = (
					"DEBUG=1",
					"$(inherited)",
				);
				GCC_WARN_64_TO_32_BIT_CONVERSION = YES;
				GCC_WARN_ABOUT_RETURN_TYPE = YES_ERROR;
				GCC_WARN_UNDECLARED_SELECTOR = YES;
				GCC_WARN_UNINITIALIZED_AUTOS = YES_AGGRESSIVE;
				GCC_WARN_UNUSED_FUNCTION = YES;
				GCC_WARN_UNUSED_VARIABLE = YES;
				IPHONEOS_DEPLOYMENT_TARGET = 9.3;
				MTL_ENABLE_DEBUG_INFO = YES;
				ONLY_ACTIVE_ARCH = YES;
				SDKROOT = iphoneos;
				SWIFT_OPTIMIZATION_LEVEL = "-Onone";
				TARGETED_DEVICE_FAMILY = "1,2";
			};
			name = Debug;
		};
		352A40251D23A81500227C36 /* Release */ = {
			isa = XCBuildConfiguration;
			buildSettings = {
				ALWAYS_SEARCH_USER_PATHS = NO;
				CLANG_ANALYZER_NONNULL = YES;
				CLANG_CXX_LANGUAGE_STANDARD = "gnu++0x";
				CLANG_CXX_LIBRARY = "libc++";
				CLANG_ENABLE_MODULES = YES;
				CLANG_ENABLE_OBJC_ARC = YES;
				CLANG_WARN_BOOL_CONVERSION = YES;
				CLANG_WARN_CONSTANT_CONVERSION = YES;
				CLANG_WARN_DIRECT_OBJC_ISA_USAGE = YES_ERROR;
				CLANG_WARN_EMPTY_BODY = YES;
				CLANG_WARN_ENUM_CONVERSION = YES;
				CLANG_WARN_INT_CONVERSION = YES;
				CLANG_WARN_OBJC_ROOT_CLASS = YES_ERROR;
				CLANG_WARN_UNREACHABLE_CODE = YES;
				CLANG_WARN__DUPLICATE_METHOD_MATCH = YES;
				"CODE_SIGN_IDENTITY[sdk=iphoneos*]" = "iPhone Developer";
				COPY_PHASE_STRIP = NO;
				DEBUG_INFORMATION_FORMAT = "dwarf-with-dsym";
				ENABLE_NS_ASSERTIONS = NO;
				ENABLE_STRICT_OBJC_MSGSEND = YES;
				GCC_C_LANGUAGE_STANDARD = gnu99;
				GCC_NO_COMMON_BLOCKS = YES;
				GCC_WARN_64_TO_32_BIT_CONVERSION = YES;
				GCC_WARN_ABOUT_RETURN_TYPE = YES_ERROR;
				GCC_WARN_UNDECLARED_SELECTOR = YES;
				GCC_WARN_UNINITIALIZED_AUTOS = YES_AGGRESSIVE;
				GCC_WARN_UNUSED_FUNCTION = YES;
				GCC_WARN_UNUSED_VARIABLE = YES;
				IPHONEOS_DEPLOYMENT_TARGET = 9.3;
				MTL_ENABLE_DEBUG_INFO = NO;
				SDKROOT = iphoneos;
				TARGETED_DEVICE_FAMILY = "1,2";
				VALIDATE_PRODUCT = YES;
			};
			name = Release;
		};
		352A40271D23A81500227C36 /* Debug */ = {
			isa = XCBuildConfiguration;
			buildSettings = {
				ASSETCATALOG_COMPILER_APPICON_NAME = AppIcon;
				CODE_SIGN_IDENTITY = "iPhone Developer";
				"CODE_SIGN_IDENTITY[sdk=iphoneos*]" = "iPhone Developer";
				INFOPLIST_FILE = Calculator/Info.plist;
				LD_RUNPATH_SEARCH_PATHS = "$(inherited) @executable_path/Frameworks";
				PRODUCT_BUNDLE_IDENTIFIER = io.github.milkbikis.Calculator;
				PRODUCT_NAME = "$(TARGET_NAME)";
				PROVISIONING_PROFILE = "";
			};
			name = Debug;
		};
		352A40281D23A81500227C36 /* Release */ = {
			isa = XCBuildConfiguration;
			buildSettings = {
				ASSETCATALOG_COMPILER_APPICON_NAME = AppIcon;
				CODE_SIGN_IDENTITY = "iPhone Developer";
				"CODE_SIGN_IDENTITY[sdk=iphoneos*]" = "iPhone Developer";
				INFOPLIST_FILE = Calculator/Info.plist;
				LD_RUNPATH_SEARCH_PATHS = "$(inherited) @executable_path/Frameworks";
				PRODUCT_BUNDLE_IDENTIFIER = io.github.milkbikis.Calculator;
				PRODUCT_NAME = "$(TARGET_NAME)";
				PROVISIONING_PROFILE = "";
			};
			name = Release;
		};
/* End XCBuildConfiguration section */

/* Begin XCConfigurationList section */
		352A400F1D23A81400227C36 /* Build configuration list for PBXProject "Calculator" */ = {
			isa = XCConfigurationList;
			buildConfigurations = (
				352A40241D23A81500227C36 /* Debug */,
				352A40251D23A81500227C36 /* Release */,
			);
			defaultConfigurationIsVisible = 0;
			defaultConfigurationName = Release;
		};
		352A40261D23A81500227C36 /* Build configuration list for PBXNativeTarget "Calculator" */ = {
			isa = XCConfigurationList;
			buildConfigurations = (
				352A40271D23A81500227C36 /* Debug */,
				352A40281D23A81500227C36 /* Release */,
			);
			defaultConfigurationIsVisible = 0;
		};
/* End XCConfigurationList section */
	};
	rootObject = 352A400C1D23A81400227C36 /* Project object */;
}
